
Microsoft Visual Studio Solution File, Format Version 12.00
# Visual Studio 14
VisualStudioVersion = 14.0.25123.0
MinimumVisualStudioVersion = 10.0.40219.1
Project("{8BC9CEB8-8B4A-11D0-8D11-00A0C91BC942}") = "base", "base\base.vcxproj", "{9B9D4F12-57EC-4032-B312-D056FFC87F6F}"
EndProject
Project("{8BC9CEB8-8B4A-11D0-8D11-00A0C91BC942}") = "matrix", "matrix\matrix.vcxproj", "{4E5698B3-0F88-4A93-851A-BE8A22CB9625}"
EndProject
Project("{8BC9CEB8-8B4A-11D0-8D11-00A0C91BC942}") = "util", "util\util.vcxproj", "{26FD3634-71E0-415B-B461-91948FCDAF39}"
EndProject
Project("{8BC9CEB8-8B4A-11D0-8D11-00A0C91BC942}") = "tree", "tree\tree.vcxproj", "{6108AE09-619B-488C-B2CF-204BEEABA83E}"
EndProject
Project("{8BC9CEB8-8B4A-11D0-8D11-00A0C91BC942}") = "gmm", "gmm\gmm.vcxproj", "{C75DC73C-F8CE-477E-8B8B-78E195C2F2ED}"
EndProject
Project("{8BC9CEB8-8B4A-11D0-8D11-00A0C91BC942}") = "transform", "transform\transform.vcxproj", "{6DACAE13-CB28-4534-B7CD-9659A4BDFDD3}"
EndProject
Project("{8BC9CEB8-8B4A-11D0-8D11-00A0C91BC942}") = "feat", "feat\feat.vcxproj", "{21E5CC85-8173-4B77-88FD-A1095BD4D9A7}"
EndProject
Project("{8BC9CEB8-8B4A-11D0-8D11-00A0C91BC942}") = "hmm", "hmm\hmm.vcxproj", "{8342A206-4872-484E-8268-D56395056B4D}"
EndProject
Project("{8BC9CEB8-8B4A-11D0-8D11-00A0C91BC942}") = "cudamatrix", "cudamatrix\cudamatrix.vcxproj", "{D281BB32-62CF-4E5D-BDB3-084217B199DB}"
EndProject
Project("{8BC9CEB8-8B4A-11D0-8D11-00A0C91BC942}") = "nnet", "nnet\nnet.vcxproj", "{ACBEE266-1294-4A23-A1CD-7B1CCB030D85}"
EndProject
Project("{8BC9CEB8-8B4A-11D0-8D11-00A0C91BC942}") = "nnet-test", "nnet-test\nnet-test.vcxproj", "{B7FB4492-7DB1-4FB1-A522-3F87047557E7}"
EndProject
Project("{8BC9CEB8-8B4A-11D0-8D11-00A0C91BC942}") = "feat-test", "feat-test\feat-test.vcxproj", "{AEF90881-984B-4400-9FE9-D5D14D0B2C52}"
EndProject
Global
	GlobalSection(SolutionConfigurationPlatforms) = preSolution
		Debug|x64 = Debug|x64
		Debug|x86 = Debug|x86
		Release|x64 = Release|x64
		Release|x86 = Release|x86
	EndGlobalSection
	GlobalSection(ProjectConfigurationPlatforms) = postSolution
		{9B9D4F12-57EC-4032-B312-D056FFC87F6F}.Debug|x64.ActiveCfg = Debug|x64
		{9B9D4F12-57EC-4032-B312-D056FFC87F6F}.Debug|x64.Build.0 = Debug|x64
		{9B9D4F12-57EC-4032-B312-D056FFC87F6F}.Debug|x86.ActiveCfg = Debug|Win32
		{9B9D4F12-57EC-4032-B312-D056FFC87F6F}.Debug|x86.Build.0 = Debug|Win32
		{9B9D4F12-57EC-4032-B312-D056FFC87F6F}.Release|x64.ActiveCfg = Release|x64
		{9B9D4F12-57EC-4032-B312-D056FFC87F6F}.Release|x64.Build.0 = Release|x64
		{9B9D4F12-57EC-4032-B312-D056FFC87F6F}.Release|x86.ActiveCfg = Release|Win32
		{9B9D4F12-57EC-4032-B312-D056FFC87F6F}.Release|x86.Build.0 = Release|Win32
		{4E5698B3-0F88-4A93-851A-BE8A22CB9625}.Debug|x64.ActiveCfg = Debug|x64
		{4E5698B3-0F88-4A93-851A-BE8A22CB9625}.Debug|x64.Build.0 = Debug|x64
		{4E5698B3-0F88-4A93-851A-BE8A22CB9625}.Debug|x86.ActiveCfg = Debug|Win32
		{4E5698B3-0F88-4A93-851A-BE8A22CB9625}.Debug|x86.Build.0 = Debug|Win32
		{4E5698B3-0F88-4A93-851A-BE8A22CB9625}.Release|x64.ActiveCfg = Release|x64
		{4E5698B3-0F88-4A93-851A-BE8A22CB9625}.Release|x64.Build.0 = Release|x64
		{4E5698B3-0F88-4A93-851A-BE8A22CB9625}.Release|x86.ActiveCfg = Release|Win32
		{4E5698B3-0F88-4A93-851A-BE8A22CB9625}.Release|x86.Build.0 = Release|Win32
		{26FD3634-71E0-415B-B461-91948FCDAF39}.Debug|x64.ActiveCfg = Debug|x64
		{26FD3634-71E0-415B-B461-91948FCDAF39}.Debug|x64.Build.0 = Debug|x64
		{26FD3634-71E0-415B-B461-91948FCDAF39}.Debug|x86.ActiveCfg = Debug|Win32
		{26FD3634-71E0-415B-B461-91948FCDAF39}.Debug|x86.Build.0 = Debug|Win32
		{26FD3634-71E0-415B-B461-91948FCDAF39}.Release|x64.ActiveCfg = Release|x64
		{26FD3634-71E0-415B-B461-91948FCDAF39}.Release|x64.Build.0 = Release|x64
		{26FD3634-71E0-415B-B461-91948FCDAF39}.Release|x86.ActiveCfg = Release|Win32
		{26FD3634-71E0-415B-B461-91948FCDAF39}.Release|x86.Build.0 = Release|Win32
		{6108AE09-619B-488C-B2CF-204BEEABA83E}.Debug|x64.ActiveCfg = Debug|x64
		{6108AE09-619B-488C-B2CF-204BEEABA83E}.Debug|x64.Build.0 = Debug|x64
		{6108AE09-619B-488C-B2CF-204BEEABA83E}.Debug|x86.ActiveCfg = Debug|Win32
		{6108AE09-619B-488C-B2CF-204BEEABA83E}.Debug|x86.Build.0 = Debug|Win32
		{6108AE09-619B-488C-B2CF-204BEEABA83E}.Release|x64.ActiveCfg = Release|x64
		{6108AE09-619B-488C-B2CF-204BEEABA83E}.Release|x64.Build.0 = Release|x64
		{6108AE09-619B-488C-B2CF-204BEEABA83E}.Release|x86.ActiveCfg = Release|Win32
		{6108AE09-619B-488C-B2CF-204BEEABA83E}.Release|x86.Build.0 = Release|Win32
		{C75DC73C-F8CE-477E-8B8B-78E195C2F2ED}.Debug|x64.ActiveCfg = Debug|x64
		{C75DC73C-F8CE-477E-8B8B-78E195C2F2ED}.Debug|x64.Build.0 = Debug|x64
		{C75DC73C-F8CE-477E-8B8B-78E195C2F2ED}.Debug|x86.ActiveCfg = Debug|Win32
		{C75DC73C-F8CE-477E-8B8B-78E195C2F2ED}.Debug|x86.Build.0 = Debug|Win32
		{C75DC73C-F8CE-477E-8B8B-78E195C2F2ED}.Release|x64.ActiveCfg = Release|x64
		{C75DC73C-F8CE-477E-8B8B-78E195C2F2ED}.Release|x64.Build.0 = Release|x64
		{C75DC73C-F8CE-477E-8B8B-78E195C2F2ED}.Release|x86.ActiveCfg = Release|Win32
		{C75DC73C-F8CE-477E-8B8B-78E195C2F2ED}.Release|x86.Build.0 = Release|Win32
		{6DACAE13-CB28-4534-B7CD-9659A4BDFDD3}.Debug|x64.ActiveCfg = Debug|x64
		{6DACAE13-CB28-4534-B7CD-9659A4BDFDD3}.Debug|x64.Build.0 = Debug|x64
		{6DACAE13-CB28-4534-B7CD-9659A4BDFDD3}.Debug|x86.ActiveCfg = Debug|Win32
		{6DACAE13-CB28-4534-B7CD-9659A4BDFDD3}.Debug|x86.Build.0 = Debug|Win32
		{6DACAE13-CB28-4534-B7CD-9659A4BDFDD3}.Release|x64.ActiveCfg = Release|x64
		{6DACAE13-CB28-4534-B7CD-9659A4BDFDD3}.Release|x64.Build.0 = Release|x64
		{6DACAE13-CB28-4534-B7CD-9659A4BDFDD3}.Release|x86.ActiveCfg = Release|Win32
		{6DACAE13-CB28-4534-B7CD-9659A4BDFDD3}.Release|x86.Build.0 = Release|Win32
		{21E5CC85-8173-4B77-88FD-A1095BD4D9A7}.Debug|x64.ActiveCfg = Debug|x64
		{21E5CC85-8173-4B77-88FD-A1095BD4D9A7}.Debug|x64.Build.0 = Debug|x64
		{21E5CC85-8173-4B77-88FD-A1095BD4D9A7}.Debug|x86.ActiveCfg = Debug|Win32
		{21E5CC85-8173-4B77-88FD-A1095BD4D9A7}.Debug|x86.Build.0 = Debug|Win32
		{21E5CC85-8173-4B77-88FD-A1095BD4D9A7}.Release|x64.ActiveCfg = Release|x64
		{21E5CC85-8173-4B77-88FD-A1095BD4D9A7}.Release|x64.Build.0 = Release|x64
		{21E5CC85-8173-4B77-88FD-A1095BD4D9A7}.Release|x86.ActiveCfg = Release|Win32
		{21E5CC85-8173-4B77-88FD-A1095BD4D9A7}.Release|x86.Build.0 = Release|Win32
		{8342A206-4872-484E-8268-D56395056B4D}.Debug|x64.ActiveCfg = Debug|x64
		{8342A206-4872-484E-8268-D56395056B4D}.Debug|x64.Build.0 = Debug|x64
		{8342A206-4872-484E-8268-D56395056B4D}.Debug|x86.ActiveCfg = Debug|Win32
		{8342A206-4872-484E-8268-D56395056B4D}.Debug|x86.Build.0 = Debug|Win32
		{8342A206-4872-484E-8268-D56395056B4D}.Release|x64.ActiveCfg = Release|x64
		{8342A206-4872-484E-8268-D56395056B4D}.Release|x64.Build.0 = Release|x64
		{8342A206-4872-484E-8268-D56395056B4D}.Release|x86.ActiveCfg = Release|Win32
		{8342A206-4872-484E-8268-D56395056B4D}.Release|x86.Build.0 = Release|Win32
		{D281BB32-62CF-4E5D-BDB3-084217B199DB}.Debug|x64.ActiveCfg = Debug|x64
		{D281BB32-62CF-4E5D-BDB3-084217B199DB}.Debug|x64.Build.0 = Debug|x64
		{D281BB32-62CF-4E5D-BDB3-084217B199DB}.Debug|x86.ActiveCfg = Debug|Win32
		{D281BB32-62CF-4E5D-BDB3-084217B199DB}.Debug|x86.Build.0 = Debug|Win32
		{D281BB32-62CF-4E5D-BDB3-084217B199DB}.Release|x64.ActiveCfg = Release|x64
		{D281BB32-62CF-4E5D-BDB3-084217B199DB}.Release|x64.Build.0 = Release|x64
		{D281BB32-62CF-4E5D-BDB3-084217B199DB}.Release|x86.ActiveCfg = Release|Win32
		{D281BB32-62CF-4E5D-BDB3-084217B199DB}.Release|x86.Build.0 = Release|Win32
		{ACBEE266-1294-4A23-A1CD-7B1CCB030D85}.Debug|x64.ActiveCfg = Debug|x64
		{ACBEE266-1294-4A23-A1CD-7B1CCB030D85}.Debug|x64.Build.0 = Debug|x64
		{ACBEE266-1294-4A23-A1CD-7B1CCB030D85}.Debug|x86.ActiveCfg = Debug|Win32
		{ACBEE266-1294-4A23-A1CD-7B1CCB030D85}.Debug|x86.Build.0 = Debug|Win32
		{ACBEE266-1294-4A23-A1CD-7B1CCB030D85}.Release|x64.ActiveCfg = Release|x64
		{ACBEE266-1294-4A23-A1CD-7B1CCB030D85}.Release|x64.Build.0 = Release|x64
		{ACBEE266-1294-4A23-A1CD-7B1CCB030D85}.Release|x86.ActiveCfg = Release|Win32
		{ACBEE266-1294-4A23-A1CD-7B1CCB030D85}.Release|x86.Build.0 = Release|Win32
		{B7FB4492-7DB1-4FB1-A522-3F87047557E7}.Debug|x64.ActiveCfg = Debug|x64
		{B7FB4492-7DB1-4FB1-A522-3F87047557E7}.Debug|x64.Build.0 = Debug|x64
		{B7FB4492-7DB1-4FB1-A522-3F87047557E7}.Debug|x86.ActiveCfg = Debug|Win32
		{B7FB4492-7DB1-4FB1-A522-3F87047557E7}.Debug|x86.Build.0 = Debug|Win32
		{B7FB4492-7DB1-4FB1-A522-3F87047557E7}.Release|x64.ActiveCfg = Release|x64
		{B7FB4492-7DB1-4FB1-A522-3F87047557E7}.Release|x64.Build.0 = Release|x64
		{B7FB4492-7DB1-4FB1-A522-3F87047557E7}.Release|x86.ActiveCfg = Release|Win32
		{B7FB4492-7DB1-4FB1-A522-3F87047557E7}.Release|x86.Build.0 = Release|Win32
		{AEF90881-984B-4400-9FE9-D5D14D0B2C52}.Debug|x64.ActiveCfg = Debug|x64
		{AEF90881-984B-4400-9FE9-D5D14D0B2C52}.Debug|x64.Build.0 = Debug|x64
		{AEF90881-984B-4400-9FE9-D5D14D0B2C52}.Debug|x86.ActiveCfg = Debug|Win32
		{AEF90881-984B-4400-9FE9-D5D14D0B2C52}.Debug|x86.Build.0 = Debug|Win32
		{AEF90881-984B-4400-9FE9-D5D14D0B2C52}.Release|x64.ActiveCfg = Release|x64
		{AEF90881-984B-4400-9FE9-D5D14D0B2C52}.Release|x64.Build.0 = Release|x64
		{AEF90881-984B-4400-9FE9-D5D14D0B2C52}.Release|x86.ActiveCfg = Release|Win32
		{AEF90881-984B-4400-9FE9-D5D14D0B2C52}.Release|x86.Build.0 = Release|Win32
	EndGlobalSection
	GlobalSection(SolutionProperties) = preSolution
		HideSolutionNode = FALSE
	EndGlobalSection
EndGlobal
